
Microsoft Visual Studio Solution File, Format Version 12.00
# Visual Studio Version 16
VisualStudioVersion = 16.0.29905.134
MinimumVisualStudioVersion = 10.0.40219.1
Project("{FAE04EC0-301F-11D3-BF4B-00C04F79EFBC}") = "Dự án Long - Toàn", "Dự án Long - Toàn\Dự án Long - Toàn.csproj", "{634C1262-012D-4F70-8F93-75D517ADA521}"
EndProject
Global
	GlobalSection(SolutionConfigurationPlatforms) = preSolution
		Debug|Any CPU = Debug|Any CPU
		Release|Any CPU = Release|Any CPU
	EndGlobalSection
	GlobalSection(ProjectConfigurationPlatforms) = postSolution
		{634C1262-012D-4F70-8F93-75D517ADA521}.Debug|Any CPU.ActiveCfg = Debug|Any CPU
		{634C1262-012D-4F70-8F93-75D517ADA521}.Debug|Any CPU.Build.0 = Debug|Any CPU
		{634C1262-012D-4F70-8F93-75D517ADA521}.Release|Any CPU.ActiveCfg = Release|Any CPU
		{634C1262-012D-4F70-8F93-75D517ADA521}.Release|Any CPU.Build.0 = Release|Any CPU
	EndGlobalSection
	GlobalSection(SolutionProperties) = preSolution
		HideSolutionNode = FALSE
	EndGlobalSection
	GlobalSection(ExtensibilityGlobals) = postSolution
		SolutionGuid = {D4B950BD-CF54-4F22-8444-DF268239BB1C}
	EndGlobalSection
EndGlobal
